
Microsoft Visual Studio Solution File, Format Version 12.00
# Visual Studio Version 16
VisualStudioVersion = 16.0.29306.81
MinimumVisualStudioVersion = 10.0.40219.1
Project("{9092AA53-FB77-4645-B42D-1CCCA6BD08BD}") = "tumblrbot", "tumblrbot.njsproj", "{075DDB6D-9408-4968-B0E2-B25EF299A699}"
EndProject
Global
	GlobalSection(SolutionConfigurationPlatforms) = preSolution
		Debug|Any CPU = Debug|Any CPU
		Release|Any CPU = Release|Any CPU
	EndGlobalSection
	GlobalSection(ProjectConfigurationPlatforms) = postSolution
		{075DDB6D-9408-4968-B0E2-B25EF299A699}.Debug|Any CPU.ActiveCfg = Debug|Any CPU
		{075DDB6D-9408-4968-B0E2-B25EF299A699}.Debug|Any CPU.Build.0 = Debug|Any CPU
		{075DDB6D-9408-4968-B0E2-B25EF299A699}.Release|Any CPU.ActiveCfg = Release|Any CPU
		{075DDB6D-9408-4968-B0E2-B25EF299A699}.Release|Any CPU.Build.0 = Release|Any CPU
	EndGlobalSection
	GlobalSection(SolutionProperties) = preSolution
		HideSolutionNode = FALSE
	EndGlobalSection
	GlobalSection(ExtensibilityGlobals) = postSolution
		SolutionGuid = {9D6ED1F1-D0AE-4D57-9E3E-6916DAAF9594}
	EndGlobalSection
EndGlobal
